// !$*UTF8*$!
{
	archiveVersion = 1;
	classes = {
	};
	objectVersion = 55;
	objects = {

/* Begin PBXBuildFile section */
		E086A02C28532BAA0040720F /* AppDelegate.swift in Sources */ = {isa = PBXBuildFile; fileRef = E086A02B28532BAA0040720F /* AppDelegate.swift */; };
		E086A03328532BAA0040720F /* Main.storyboard in Resources */ = {isa = PBXBuildFile; fileRef = E086A03128532BAA0040720F /* Main.storyboard */; };
		E086A03528532BAD0040720F /* Assets.xcassets in Resources */ = {isa = PBXBuildFile; fileRef = E086A03428532BAD0040720F /* Assets.xcassets */; };
		E086A03828532BAD0040720F /* LaunchScreen.storyboard in Resources */ = {isa = PBXBuildFile; fileRef = E086A03628532BAD0040720F /* LaunchScreen.storyboard */; };
		E086A04328532BAD0040720F /* TheQuizTests.swift in Sources */ = {isa = PBXBuildFile; fileRef = E086A04228532BAD0040720F /* TheQuizTests.swift */; };
		E086A04D28532BAD0040720F /* TheQuizUITests.swift in Sources */ = {isa = PBXBuildFile; fileRef = E086A04C28532BAD0040720F /* TheQuizUITests.swift */; };
		E086A04F28532BAD0040720F /* TheQuizUITestsLaunchTests.swift in Sources */ = {isa = PBXBuildFile; fileRef = E086A04E28532BAD0040720F /* TheQuizUITestsLaunchTests.swift */; };
		E086A05D285330600040720F /* APIClient.swift in Sources */ = {isa = PBXBuildFile; fileRef = E086A05C285330600040720F /* APIClient.swift */; };
		E086A05F285330DF0040720F /* Response.swift in Sources */ = {isa = PBXBuildFile; fileRef = E086A05E285330DF0040720F /* Response.swift */; };
		E086A0732853373F0040720F /* HomeViewController.swift in Sources */ = {isa = PBXBuildFile; fileRef = E086A0722853373F0040720F /* HomeViewController.swift */; };
		E086A075285337620040720F /* HomeInteractor.swift in Sources */ = {isa = PBXBuildFile; fileRef = E086A074285337620040720F /* HomeInteractor.swift */; };
		E086A077285337750040720F /* HomeInterface.swift in Sources */ = {isa = PBXBuildFile; fileRef = E086A076285337750040720F /* HomeInterface.swift */; };
		E086A0792853377D0040720F /* HomePresenter.swift in Sources */ = {isa = PBXBuildFile; fileRef = E086A0782853377D0040720F /* HomePresenter.swift */; };
		E086A07B285337830040720F /* HomeRouter.swift in Sources */ = {isa = PBXBuildFile; fileRef = E086A07A285337830040720F /* HomeRouter.swift */; };
		E086A07E285339300040720F /* UIStoryboard.swift in Sources */ = {isa = PBXBuildFile; fileRef = E086A07D285339300040720F /* UIStoryboard.swift */; };
		E086A08A28534EC00040720F /* QuizInteractor.swift in Sources */ = {isa = PBXBuildFile; fileRef = E086A08928534EC00040720F /* QuizInteractor.swift */; };
		E086A08C28534EDA0040720F /* QuizViewInterface.swift in Sources */ = {isa = PBXBuildFile; fileRef = E086A08B28534EDA0040720F /* QuizViewInterface.swift */; };
		E086A08E28534EF00040720F /* QuizPresenter.swift in Sources */ = {isa = PBXBuildFile; fileRef = E086A08D28534EF00040720F /* QuizPresenter.swift */; };
		E086A09028534F060040720F /* QuizRouter.swift in Sources */ = {isa = PBXBuildFile; fileRef = E086A08F28534F060040720F /* QuizRouter.swift */; };
		E086A09228534F300040720F /* QuizViewController.swift in Sources */ = {isa = PBXBuildFile; fileRef = E086A09128534F300040720F /* QuizViewController.swift */; };
		E086A09428534FFC0040720F /* Quiz.storyboard in Resources */ = {isa = PBXBuildFile; fileRef = E086A09328534FFC0040720F /* Quiz.storyboard */; };
		E086A097285356A80040720F /* UIViewController.swift in Sources */ = {isa = PBXBuildFile; fileRef = E086A096285356A80040720F /* UIViewController.swift */; };
		E086A0992853616E0040720F /* RectBorderButton.swift in Sources */ = {isa = PBXBuildFile; fileRef = E086A0982853616E0040720F /* RectBorderButton.swift */; };
		E086A09B285364A60040720F /* UIImageView.swift in Sources */ = {isa = PBXBuildFile; fileRef = E086A09A285364A60040720F /* UIImageView.swift */; };
		E086A09D28536BB70040720F /* UserDefaults.swift in Sources */ = {isa = PBXBuildFile; fileRef = E086A09C28536BB70040720F /* UserDefaults.swift */; };
/* End PBXBuildFile section */

/* Begin PBXContainerItemProxy section */
		E086A03F28532BAD0040720F /* PBXContainerItemProxy */ = {
			isa = PBXContainerItemProxy;
			containerPortal = E086A02028532BAA0040720F /* Project object */;
			proxyType = 1;
			remoteGlobalIDString = E086A02728532BAA0040720F;
			remoteInfo = TheQuiz;
		};
		E086A04928532BAD0040720F /* PBXContainerItemProxy */ = {
			isa = PBXContainerItemProxy;
			containerPortal = E086A02028532BAA0040720F /* Project object */;
			proxyType = 1;
			remoteGlobalIDString = E086A02728532BAA0040720F;
			remoteInfo = TheQuiz;
		};
/* End PBXContainerItemProxy section */

/* Begin PBXFileReference section */
		E086A02828532BAA0040720F /* TheQuiz.app */ = {isa = PBXFileReference; explicitFileType = wrapper.application; includeInIndex = 0; path = TheQuiz.app; sourceTree = BUILT_PRODUCTS_DIR; };
		E086A02B28532BAA0040720F /* AppDelegate.swift */ = {isa = PBXFileReference; lastKnownFileType = sourcecode.swift; path = AppDelegate.swift; sourceTree = "<group>"; };
		E086A03228532BAA0040720F /* Base */ = {isa = PBXFileReference; lastKnownFileType = file.storyboard; name = Base; path = Base.lproj/Main.storyboard; sourceTree = "<group>"; };
		E086A03428532BAD0040720F /* Assets.xcassets */ = {isa = PBXFileReference; lastKnownFileType = folder.assetcatalog; path = Assets.xcassets; sourceTree = "<group>"; };
		E086A03728532BAD0040720F /* Base */ = {isa = PBXFileReference; lastKnownFileType = file.storyboard; name = Base; path = Base.lproj/LaunchScreen.storyboard; sourceTree = "<group>"; };
		E086A03928532BAD0040720F /* Info.plist */ = {isa = PBXFileReference; lastKnownFileType = text.plist.xml; path = Info.plist; sourceTree = "<group>"; };
		E086A03E28532BAD0040720F /* TheQuizTests.xctest */ = {isa = PBXFileReference; explicitFileType = wrapper.cfbundle; includeInIndex = 0; path = TheQuizTests.xctest; sourceTree = BUILT_PRODUCTS_DIR; };
		E086A04228532BAD0040720F /* TheQuizTests.swift */ = {isa = PBXFileReference; lastKnownFileType = sourcecode.swift; path = TheQuizTests.swift; sourceTree = "<group>"; };
		E086A04828532BAD0040720F /* TheQuizUITests.xctest */ = {isa = PBXFileReference; explicitFileType = wrapper.cfbundle; includeInIndex = 0; path = TheQuizUITests.xctest; sourceTree = BUILT_PRODUCTS_DIR; };
		E086A04C28532BAD0040720F /* TheQuizUITests.swift */ = {isa = PBXFileReference; lastKnownFileType = sourcecode.swift; path = TheQuizUITests.swift; sourceTree = "<group>"; };
		E086A04E28532BAD0040720F /* TheQuizUITestsLaunchTests.swift */ = {isa = PBXFileReference; lastKnownFileType = sourcecode.swift; path = TheQuizUITestsLaunchTests.swift; sourceTree = "<group>"; };
		E086A05C285330600040720F /* APIClient.swift */ = {isa = PBXFileReference; lastKnownFileType = sourcecode.swift; path = APIClient.swift; sourceTree = "<group>"; };
		E086A05E285330DF0040720F /* Response.swift */ = {isa = PBXFileReference; lastKnownFileType = sourcecode.swift; path = Response.swift; sourceTree = "<group>"; };
		E086A0722853373F0040720F /* HomeViewController.swift */ = {isa = PBXFileReference; lastKnownFileType = sourcecode.swift; path = HomeViewController.swift; sourceTree = "<group>"; };
		E086A074285337620040720F /* HomeInteractor.swift */ = {isa = PBXFileReference; lastKnownFileType = sourcecode.swift; path = HomeInteractor.swift; sourceTree = "<group>"; };
		E086A076285337750040720F /* HomeInterface.swift */ = {isa = PBXFileReference; lastKnownFileType = sourcecode.swift; path = HomeInterface.swift; sourceTree = "<group>"; };
		E086A0782853377D0040720F /* HomePresenter.swift */ = {isa = PBXFileReference; lastKnownFileType = sourcecode.swift; path = HomePresenter.swift; sourceTree = "<group>"; };
		E086A07A285337830040720F /* HomeRouter.swift */ = {isa = PBXFileReference; lastKnownFileType = sourcecode.swift; path = HomeRouter.swift; sourceTree = "<group>"; };
		E086A07D285339300040720F /* UIStoryboard.swift */ = {isa = PBXFileReference; lastKnownFileType = sourcecode.swift; path = UIStoryboard.swift; sourceTree = "<group>"; };
		E086A08928534EC00040720F /* QuizInteractor.swift */ = {isa = PBXFileReference; lastKnownFileType = sourcecode.swift; path = QuizInteractor.swift; sourceTree = "<group>"; };
		E086A08B28534EDA0040720F /* QuizViewInterface.swift */ = {isa = PBXFileReference; lastKnownFileType = sourcecode.swift; path = QuizViewInterface.swift; sourceTree = "<group>"; };
		E086A08D28534EF00040720F /* QuizPresenter.swift */ = {isa = PBXFileReference; lastKnownFileType = sourcecode.swift; path = QuizPresenter.swift; sourceTree = "<group>"; };
		E086A08F28534F060040720F /* QuizRouter.swift */ = {isa = PBXFileReference; lastKnownFileType = sourcecode.swift; path = QuizRouter.swift; sourceTree = "<group>"; };
		E086A09128534F300040720F /* QuizViewController.swift */ = {isa = PBXFileReference; lastKnownFileType = sourcecode.swift; path = QuizViewController.swift; sourceTree = "<group>"; };
		E086A09328534FFC0040720F /* Quiz.storyboard */ = {isa = PBXFileReference; lastKnownFileType = file.storyboard; path = Quiz.storyboard; sourceTree = "<group>"; };
		E086A096285356A80040720F /* UIViewController.swift */ = {isa = PBXFileReference; lastKnownFileType = sourcecode.swift; path = UIViewController.swift; sourceTree = "<group>"; };
		E086A0982853616E0040720F /* RectBorderButton.swift */ = {isa = PBXFileReference; lastKnownFileType = sourcecode.swift; path = RectBorderButton.swift; sourceTree = "<group>"; };
		E086A09A285364A60040720F /* UIImageView.swift */ = {isa = PBXFileReference; lastKnownFileType = sourcecode.swift; path = UIImageView.swift; sourceTree = "<group>"; };
		E086A09C28536BB70040720F /* UserDefaults.swift */ = {isa = PBXFileReference; lastKnownFileType = sourcecode.swift; path = UserDefaults.swift; sourceTree = "<group>"; };
/* End PBXFileReference section */

/* Begin PBXFrameworksBuildPhase section */
		E086A02528532BAA0040720F /* Frameworks */ = {
			isa = PBXFrameworksBuildPhase;
			buildActionMask = 2147483647;
			files = (
			);
			runOnlyForDeploymentPostprocessing = 0;
		};
		E086A03B28532BAD0040720F /* Frameworks */ = {
			isa = PBXFrameworksBuildPhase;
			buildActionMask = 2147483647;
			files = (
			);
			runOnlyForDeploymentPostprocessing = 0;
		};
		E086A04528532BAD0040720F /* Frameworks */ = {
			isa = PBXFrameworksBuildPhase;
			buildActionMask = 2147483647;
			files = (
			);
			runOnlyForDeploymentPostprocessing = 0;
		};
/* End PBXFrameworksBuildPhase section */

/* Begin PBXGroup section */
		E086A01F28532BAA0040720F = {
			isa = PBXGroup;
			children = (
				E086A02A28532BAA0040720F /* TheQuiz */,
				E086A04128532BAD0040720F /* TheQuizTests */,
				E086A04B28532BAD0040720F /* TheQuizUITests */,
				E086A02928532BAA0040720F /* Products */,
			);
			sourceTree = "<group>";
		};
		E086A02928532BAA0040720F /* Products */ = {
			isa = PBXGroup;
			children = (
				E086A02828532BAA0040720F /* TheQuiz.app */,
				E086A03E28532BAD0040720F /* TheQuizTests.xctest */,
				E086A04828532BAD0040720F /* TheQuizUITests.xctest */,
			);
			name = Products;
			sourceTree = "<group>";
		};
		E086A02A28532BAA0040720F /* TheQuiz */ = {
			isa = PBXGroup;
			children = (
				E086A0602853363C0040720F /* AppDelegate */,
				E086A07F28533A7F0040720F /* Modules */,
				E086A07C285339200040720F /* Utilities */,
				E086A05B285330450040720F /* Network */,
				E086A03428532BAD0040720F /* Assets.xcassets */,
				E086A03628532BAD0040720F /* LaunchScreen.storyboard */,
				E086A03928532BAD0040720F /* Info.plist */,
			);
			path = TheQuiz;
			sourceTree = "<group>";
		};
		E086A04128532BAD0040720F /* TheQuizTests */ = {
			isa = PBXGroup;
			children = (
				E086A04228532BAD0040720F /* TheQuizTests.swift */,
			);
			path = TheQuizTests;
			sourceTree = "<group>";
		};
		E086A04B28532BAD0040720F /* TheQuizUITests */ = {
			isa = PBXGroup;
			children = (
				E086A04C28532BAD0040720F /* TheQuizUITests.swift */,
				E086A04E28532BAD0040720F /* TheQuizUITestsLaunchTests.swift */,
			);
			path = TheQuizUITests;
			sourceTree = "<group>";
		};
		E086A05B285330450040720F /* Network */ = {
			isa = PBXGroup;
			children = (
				E086A05C285330600040720F /* APIClient.swift */,
				E086A05E285330DF0040720F /* Response.swift */,
			);
			path = Network;
			sourceTree = "<group>";
		};
		E086A0602853363C0040720F /* AppDelegate */ = {
			isa = PBXGroup;
			children = (
				E086A02B28532BAA0040720F /* AppDelegate.swift */,
			);
			path = AppDelegate;
			sourceTree = "<group>";
		};
		E086A061285336480040720F /* Home */ = {
			isa = PBXGroup;
			children = (
				E086A03128532BAA0040720F /* Main.storyboard */,
				E086A074285337620040720F /* HomeInteractor.swift */,
				E086A076285337750040720F /* HomeInterface.swift */,
				E086A0782853377D0040720F /* HomePresenter.swift */,
				E086A07A285337830040720F /* HomeRouter.swift */,
				E086A0722853373F0040720F /* HomeViewController.swift */,
			);
			path = Home;
			sourceTree = "<group>";
		};
		E086A07C285339200040720F /* Utilities */ = {
			isa = PBXGroup;
			children = (
				E086A095285356980040720F /* Extensions */,
			);
			path = Utilities;
			sourceTree = "<group>";
		};
		E086A07F28533A7F0040720F /* Modules */ = {
			isa = PBXGroup;
			children = (
				E086A061285336480040720F /* Home */,
				E086A08028534E790040720F /* Quiz */,
			);
			path = Modules;
			sourceTree = "<group>";
		};
		E086A08028534E790040720F /* Quiz */ = {
			isa = PBXGroup;
			children = (
				E086A09328534FFC0040720F /* Quiz.storyboard */,
				E086A08928534EC00040720F /* QuizInteractor.swift */,
				E086A08B28534EDA0040720F /* QuizViewInterface.swift */,
				E086A08D28534EF00040720F /* QuizPresenter.swift */,
				E086A08F28534F060040720F /* QuizRouter.swift */,
				E086A09128534F300040720F /* QuizViewController.swift */,
			);
			path = Quiz;
			sourceTree = "<group>";
		};
		E086A095285356980040720F /* Extensions */ = {
			isa = PBXGroup;
			children = (
				E086A07D285339300040720F /* UIStoryboard.swift */,
				E086A096285356A80040720F /* UIViewController.swift */,
				E086A0982853616E0040720F /* RectBorderButton.swift */,
				E086A09A285364A60040720F /* UIImageView.swift */,
				E086A09C28536BB70040720F /* UserDefaults.swift */,
			);
			path = Extensions;
			sourceTree = "<group>";
		};
/* End PBXGroup section */

/* Begin PBXNativeTarget section */
		E086A02728532BAA0040720F /* TheQuiz */ = {
			isa = PBXNativeTarget;
			buildConfigurationList = E086A05228532BAD0040720F /* Build configuration list for PBXNativeTarget "TheQuiz" */;
			buildPhases = (
				E086A02428532BAA0040720F /* Sources */,
				E086A02528532BAA0040720F /* Frameworks */,
				E086A02628532BAA0040720F /* Resources */,
			);
			buildRules = (
			);
			dependencies = (
			);
			name = TheQuiz;
			productName = TheQuiz;
			productReference = E086A02828532BAA0040720F /* TheQuiz.app */;
			productType = "com.apple.product-type.application";
		};
		E086A03D28532BAD0040720F /* TheQuizTests */ = {
			isa = PBXNativeTarget;
			buildConfigurationList = E086A05528532BAD0040720F /* Build configuration list for PBXNativeTarget "TheQuizTests" */;
			buildPhases = (
				E086A03A28532BAD0040720F /* Sources */,
				E086A03B28532BAD0040720F /* Frameworks */,
				E086A03C28532BAD0040720F /* Resources */,
			);
			buildRules = (
			);
			dependencies = (
				E086A04028532BAD0040720F /* PBXTargetDependency */,
			);
			name = TheQuizTests;
			productName = TheQuizTests;
			productReference = E086A03E28532BAD0040720F /* TheQuizTests.xctest */;
			productType = "com.apple.product-type.bundle.unit-test";
		};
		E086A04728532BAD0040720F /* TheQuizUITests */ = {
			isa = PBXNativeTarget;
			buildConfigurationList = E086A05828532BAD0040720F /* Build configuration list for PBXNativeTarget "TheQuizUITests" */;
			buildPhases = (
				E086A04428532BAD0040720F /* Sources */,
				E086A04528532BAD0040720F /* Frameworks */,
				E086A04628532BAD0040720F /* Resources */,
			);
			buildRules = (
			);
			dependencies = (
				E086A04A28532BAD0040720F /* PBXTargetDependency */,
			);
			name = TheQuizUITests;
			productName = TheQuizUITests;
			productReference = E086A04828532BAD0040720F /* TheQuizUITests.xctest */;
			productType = "com.apple.product-type.bundle.ui-testing";
		};
/* End PBXNativeTarget section */

/* Begin PBXProject section */
		E086A02028532BAA0040720F /* Project object */ = {
			isa = PBXProject;
			attributes = {
				BuildIndependentTargetsInParallel = 1;
				LastSwiftUpdateCheck = 1340;
				LastUpgradeCheck = 1340;
				TargetAttributes = {
					E086A02728532BAA0040720F = {
						CreatedOnToolsVersion = 13.4;
					};
					E086A03D28532BAD0040720F = {
						CreatedOnToolsVersion = 13.4;
						TestTargetID = E086A02728532BAA0040720F;
					};
					E086A04728532BAD0040720F = {
						CreatedOnToolsVersion = 13.4;
						TestTargetID = E086A02728532BAA0040720F;
					};
				};
			};
			buildConfigurationList = E086A02328532BAA0040720F /* Build configuration list for PBXProject "TheQuiz" */;
			compatibilityVersion = "Xcode 13.0";
			developmentRegion = en;
			hasScannedForEncodings = 0;
			knownRegions = (
				en,
				Base,
			);
			mainGroup = E086A01F28532BAA0040720F;
			productRefGroup = E086A02928532BAA0040720F /* Products */;
			projectDirPath = "";
			projectRoot = "";
			targets = (
				E086A02728532BAA0040720F /* TheQuiz */,
				E086A03D28532BAD0040720F /* TheQuizTests */,
				E086A04728532BAD0040720F /* TheQuizUITests */,
			);
		};
/* End PBXProject section */

/* Begin PBXResourcesBuildPhase section */
		E086A02628532BAA0040720F /* Resources */ = {
			isa = PBXResourcesBuildPhase;
			buildActionMask = 2147483647;
			files = (
				E086A03828532BAD0040720F /* LaunchScreen.storyboard in Resources */,
				E086A03528532BAD0040720F /* Assets.xcassets in Resources */,
				E086A03328532BAA0040720F /* Main.storyboard in Resources */,
				E086A09428534FFC0040720F /* Quiz.storyboard in Resources */,
			);
			runOnlyForDeploymentPostprocessing = 0;
		};
		E086A03C28532BAD0040720F /* Resources */ = {
			isa = PBXResourcesBuildPhase;
			buildActionMask = 2147483647;
			files = (
			);
			runOnlyForDeploymentPostprocessing = 0;
		};
		E086A04628532BAD0040720F /* Resources */ = {
			isa = PBXResourcesBuildPhase;
			buildActionMask = 2147483647;
			files = (
			);
			runOnlyForDeploymentPostprocessing = 0;
		};
/* End PBXResourcesBuildPhase section */

/* Begin PBXSourcesBuildPhase section */
		E086A02428532BAA0040720F /* Sources */ = {
			isa = PBXSourcesBuildPhase;
			buildActionMask = 2147483647;
			files = (
				E086A02C28532BAA0040720F /* AppDelegate.swift in Sources */,
				E086A09228534F300040720F /* QuizViewController.swift in Sources */,
				E086A08C28534EDA0040720F /* QuizViewInterface.swift in Sources */,
				E086A05D285330600040720F /* APIClient.swift in Sources */,
				E086A0792853377D0040720F /* HomePresenter.swift in Sources */,
				E086A075285337620040720F /* HomeInteractor.swift in Sources */,
				E086A07B285337830040720F /* HomeRouter.swift in Sources */,
				E086A09028534F060040720F /* QuizRouter.swift in Sources */,
				E086A077285337750040720F /* HomeInterface.swift in Sources */,
				E086A0992853616E0040720F /* RectBorderButton.swift in Sources */,
				E086A07E285339300040720F /* UIStoryboard.swift in Sources */,
				E086A08A28534EC00040720F /* QuizInteractor.swift in Sources */,
				E086A05F285330DF0040720F /* Response.swift in Sources */,
				E086A0732853373F0040720F /* HomeViewController.swift in Sources */,
				E086A09D28536BB70040720F /* UserDefaults.swift in Sources */,
				E086A08E28534EF00040720F /* QuizPresenter.swift in Sources */,
				E086A09B285364A60040720F /* UIImageView.swift in Sources */,
				E086A097285356A80040720F /* UIViewController.swift in Sources */,
			);
			runOnlyForDeploymentPostprocessing = 0;
		};
		E086A03A28532BAD0040720F /* Sources */ = {
			isa = PBXSourcesBuildPhase;
			buildActionMask = 2147483647;
			files = (
				E086A04328532BAD0040720F /* TheQuizTests.swift in Sources */,
			);
			runOnlyForDeploymentPostprocessing = 0;
		};
		E086A04428532BAD0040720F /* Sources */ = {
			isa = PBXSourcesBuildPhase;
			buildActionMask = 2147483647;
			files = (
				E086A04D28532BAD0040720F /* TheQuizUITests.swift in Sources */,
				E086A04F28532BAD0040720F /* TheQuizUITestsLaunchTests.swift in Sources */,
			);
			runOnlyForDeploymentPostprocessing = 0;
		};
/* End PBXSourcesBuildPhase section */

/* Begin PBXTargetDependency section */
		E086A04028532BAD0040720F /* PBXTargetDependency */ = {
			isa = PBXTargetDependency;
			target = E086A02728532BAA0040720F /* TheQuiz */;
			targetProxy = E086A03F28532BAD0040720F /* PBXContainerItemProxy */;
		};
		E086A04A28532BAD0040720F /* PBXTargetDependency */ = {
			isa = PBXTargetDependency;
			target = E086A02728532BAA0040720F /* TheQuiz */;
			targetProxy = E086A04928532BAD0040720F /* PBXContainerItemProxy */;
		};
/* End PBXTargetDependency section */

/* Begin PBXVariantGroup section */
		E086A03128532BAA0040720F /* Main.storyboard */ = {
			isa = PBXVariantGroup;
			children = (
				E086A03228532BAA0040720F /* Base */,
			);
			name = Main.storyboard;
			sourceTree = "<group>";
		};
		E086A03628532BAD0040720F /* LaunchScreen.storyboard */ = {
			isa = PBXVariantGroup;
			children = (
				E086A03728532BAD0040720F /* Base */,
			);
			name = LaunchScreen.storyboard;
			sourceTree = "<group>";
		};
/* End PBXVariantGroup section */

/* Begin XCBuildConfiguration section */
		E086A05028532BAD0040720F /* Debug */ = {
			isa = XCBuildConfiguration;
			buildSettings = {
				ALWAYS_SEARCH_USER_PATHS = NO;
				CLANG_ANALYZER_NONNULL = YES;
				CLANG_ANALYZER_NUMBER_OBJECT_CONVERSION = YES_AGGRESSIVE;
				CLANG_CXX_LANGUAGE_STANDARD = "gnu++17";
				CLANG_ENABLE_MODULES = YES;
				CLANG_ENABLE_OBJC_ARC = YES;
				CLANG_ENABLE_OBJC_WEAK = YES;
				CLANG_WARN_BLOCK_CAPTURE_AUTORELEASING = YES;
				CLANG_WARN_BOOL_CONVERSION = YES;
				CLANG_WARN_COMMA = YES;
				CLANG_WARN_CONSTANT_CONVERSION = YES;
				CLANG_WARN_DEPRECATED_OBJC_IMPLEMENTATIONS = YES;
				CLANG_WARN_DIRECT_OBJC_ISA_USAGE = YES_ERROR;
				CLANG_WARN_DOCUMENTATION_COMMENTS = YES;
				CLANG_WARN_EMPTY_BODY = YES;
				CLANG_WARN_ENUM_CONVERSION = YES;
				CLANG_WARN_INFINITE_RECURSION = YES;
				CLANG_WARN_INT_CONVERSION = YES;
				CLANG_WARN_NON_LITERAL_NULL_CONVERSION = YES;
				CLANG_WARN_OBJC_IMPLICIT_RETAIN_SELF = YES;
				CLANG_WARN_OBJC_LITERAL_CONVERSION = YES;
				CLANG_WARN_OBJC_ROOT_CLASS = YES_ERROR;
				CLANG_WARN_QUOTED_INCLUDE_IN_FRAMEWORK_HEADER = YES;
				CLANG_WARN_RANGE_LOOP_ANALYSIS = YES;
				CLANG_WARN_STRICT_PROTOTYPES = YES;
				CLANG_WARN_SUSPICIOUS_MOVE = YES;
				CLANG_WARN_UNGUARDED_AVAILABILITY = YES_AGGRESSIVE;
				CLANG_WARN_UNREACHABLE_CODE = YES;
				CLANG_WARN__DUPLICATE_METHOD_MATCH = YES;
				COPY_PHASE_STRIP = NO;
				DEBUG_INFORMATION_FORMAT = dwarf;
				ENABLE_STRICT_OBJC_MSGSEND = YES;
				ENABLE_TESTABILITY = YES;
				GCC_C_LANGUAGE_STANDARD = gnu11;
				GCC_DYNAMIC_NO_PIC = NO;
				GCC_NO_COMMON_BLOCKS = YES;
				GCC_OPTIMIZATION_LEVEL = 0;
				GCC_PREPROCESSOR_DEFINITIONS = (
					"DEBUG=1",
					"$(inherited)",
				);
				GCC_WARN_64_TO_32_BIT_CONVERSION = YES;
				GCC_WARN_ABOUT_RETURN_TYPE = YES_ERROR;
				GCC_WARN_UNDECLARED_SELECTOR = YES;
				GCC_WARN_UNINITIALIZED_AUTOS = YES_AGGRESSIVE;
				GCC_WARN_UNUSED_FUNCTION = YES;
				GCC_WARN_UNUSED_VARIABLE = YES;
				IPHONEOS_DEPLOYMENT_TARGET = 15.5;
				MTL_ENABLE_DEBUG_INFO = INCLUDE_SOURCE;
				MTL_FAST_MATH = YES;
				ONLY_ACTIVE_ARCH = YES;
				SDKROOT = iphoneos;
				SWIFT_ACTIVE_COMPILATION_CONDITIONS = DEBUG;
				SWIFT_OPTIMIZATION_LEVEL = "-Onone";
			};
			name = Debug;
		};
		E086A05128532BAD0040720F /* Release */ = {
			isa = XCBuildConfiguration;
			buildSettings = {
				ALWAYS_SEARCH_USER_PATHS = NO;
				CLANG_ANALYZER_NONNULL = YES;
				CLANG_ANALYZER_NUMBER_OBJECT_CONVERSION = YES_AGGRESSIVE;
				CLANG_CXX_LANGUAGE_STANDARD = "gnu++17";
				CLANG_ENABLE_MODULES = YES;
				CLANG_ENABLE_OBJC_ARC = YES;
				CLANG_ENABLE_OBJC_WEAK = YES;
				CLANG_WARN_BLOCK_CAPTURE_AUTORELEASING = YES;
				CLANG_WARN_BOOL_CONVERSION = YES;
				CLANG_WARN_COMMA = YES;
				CLANG_WARN_CONSTANT_CONVERSION = YES;
				CLANG_WARN_DEPRECATED_OBJC_IMPLEMENTATIONS = YES;
				CLANG_WARN_DIRECT_OBJC_ISA_USAGE = YES_ERROR;
				CLANG_WARN_DOCUMENTATION_COMMENTS = YES;
				CLANG_WARN_EMPTY_BODY = YES;
				CLANG_WARN_ENUM_CONVERSION = YES;
				CLANG_WARN_INFINITE_RECURSION = YES;
				CLANG_WARN_INT_CONVERSION = YES;
				CLANG_WARN_NON_LITERAL_NULL_CONVERSION = YES;
				CLANG_WARN_OBJC_IMPLICIT_RETAIN_SELF = YES;
				CLANG_WARN_OBJC_LITERAL_CONVERSION = YES;
				CLANG_WARN_OBJC_ROOT_CLASS = YES_ERROR;
				CLANG_WARN_QUOTED_INCLUDE_IN_FRAMEWORK_HEADER = YES;
				CLANG_WARN_RANGE_LOOP_ANALYSIS = YES;
				CLANG_WARN_STRICT_PROTOTYPES = YES;
				CLANG_WARN_SUSPICIOUS_MOVE = YES;
				CLANG_WARN_UNGUARDED_AVAILABILITY = YES_AGGRESSIVE;
				CLANG_WARN_UNREACHABLE_CODE = YES;
				CLANG_WARN__DUPLICATE_METHOD_MATCH = YES;
				COPY_PHASE_STRIP = NO;
				DEBUG_INFORMATION_FORMAT = "dwarf-with-dsym";
				ENABLE_NS_ASSERTIONS = NO;
				ENABLE_STRICT_OBJC_MSGSEND = YES;
				GCC_C_LANGUAGE_STANDARD = gnu11;
				GCC_NO_COMMON_BLOCKS = YES;
				GCC_WARN_64_TO_32_BIT_CONVERSION = YES;
				GCC_WARN_ABOUT_RETURN_TYPE = YES_ERROR;
				GCC_WARN_UNDECLARED_SELECTOR = YES;
				GCC_WARN_UNINITIALIZED_AUTOS = YES_AGGRESSIVE;
				GCC_WARN_UNUSED_FUNCTION = YES;
				GCC_WARN_UNUSED_VARIABLE = YES;
				IPHONEOS_DEPLOYMENT_TARGET = 15.5;
				MTL_ENABLE_DEBUG_INFO = NO;
				MTL_FAST_MATH = YES;
				SDKROOT = iphoneos;
				SWIFT_COMPILATION_MODE = wholemodule;
				SWIFT_OPTIMIZATION_LEVEL = "-O";
				VALIDATE_PRODUCT = YES;
			};
			name = Release;
		};
		E086A05328532BAD0040720F /* Debug */ = {
			isa = XCBuildConfiguration;
			buildSettings = {
				ASSETCATALOG_COMPILER_APPICON_NAME = AppIcon;
				ASSETCATALOG_COMPILER_GLOBAL_ACCENT_COLOR_NAME = AccentColor;
				CODE_SIGN_STYLE = Automatic;
				CURRENT_PROJECT_VERSION = 1;
				GENERATE_INFOPLIST_FILE = YES;
				INFOPLIST_FILE = TheQuiz/Info.plist;
				INFOPLIST_KEY_UIApplicationSupportsIndirectInputEvents = YES;
				INFOPLIST_KEY_UILaunchStoryboardName = LaunchScreen;
				INFOPLIST_KEY_UIStatusBarHidden = YES;
				INFOPLIST_KEY_UISupportedInterfaceOrientations = UIInterfaceOrientationPortrait;
				INFOPLIST_KEY_UISupportedInterfaceOrientations_iPad = "UIInterfaceOrientationPortrait UIInterfaceOrientationPortraitUpsideDown UIInterfaceOrientationLandscapeLeft UIInterfaceOrientationLandscapeRight";
				INFOPLIST_KEY_UISupportedInterfaceOrientations_iPhone = "UIInterfaceOrientationPortrait UIInterfaceOrientationLandscapeLeft UIInterfaceOrientationLandscapeRight";
				LD_RUNPATH_SEARCH_PATHS = (
					"$(inherited)",
					"@executable_path/Frameworks",
				);
				MARKETING_VERSION = 1.0;
				PRODUCT_BUNDLE_IDENTIFIER = "sandbox-apps.TheQuiz";
				PRODUCT_NAME = "$(TARGET_NAME)";
				SWIFT_EMIT_LOC_STRINGS = YES;
				SWIFT_VERSION = 5.0;
				TARGETED_DEVICE_FAMILY = "1,2";
			};
			name = Debug;
		};
		E086A05428532BAD0040720F /* Release */ = {
			isa = XCBuildConfiguration;
			buildSettings = {
				ASSETCATALOG_COMPILER_APPICON_NAME = AppIcon;
				ASSETCATALOG_COMPILER_GLOBAL_ACCENT_COLOR_NAME = AccentColor;
				CODE_SIGN_STYLE = Automatic;
				CURRENT_PROJECT_VERSION = 1;
				GENERATE_INFOPLIST_FILE = YES;
				INFOPLIST_FILE = TheQuiz/Info.plist;
				INFOPLIST_KEY_UIApplicationSupportsIndirectInputEvents = YES;
				INFOPLIST_KEY_UILaunchStoryboardName = LaunchScreen;
				INFOPLIST_KEY_UIStatusBarHidden = YES;
				INFOPLIST_KEY_UISupportedInterfaceOrientations = UIInterfaceOrientationPortrait;
				INFOPLIST_KEY_UISupportedInterfaceOrientations_iPad = "UIInterfaceOrientationPortrait UIInterfaceOrientationPortraitUpsideDown UIInterfaceOrientationLandscapeLeft UIInterfaceOrientationLandscapeRight";
				INFOPLIST_KEY_UISupportedInterfaceOrientations_iPhone = "UIInterfaceOrientationPortrait UIInterfaceOrientationLandscapeLeft UIInterfaceOrientationLandscapeRight";
				LD_RUNPATH_SEARCH_PATHS = (
					"$(inherited)",
					"@executable_path/Frameworks",
				);
				MARKETING_VERSION = 1.0;
				PRODUCT_BUNDLE_IDENTIFIER = "sandbox-apps.TheQuiz";
				PRODUCT_NAME = "$(TARGET_NAME)";
				SWIFT_EMIT_LOC_STRINGS = YES;
				SWIFT_VERSION = 5.0;
				TARGETED_DEVICE_FAMILY = "1,2";
			};
			name = Release;
		};
		E086A05628532BAD0040720F /* Debug */ = {
			isa = XCBuildConfiguration;
			buildSettings = {
				ALWAYS_EMBED_SWIFT_STANDARD_LIBRARIES = YES;
				BUNDLE_LOADER = "$(TEST_HOST)";
				CODE_SIGN_STYLE = Automatic;
				CURRENT_PROJECT_VERSION = 1;
				GENERATE_INFOPLIST_FILE = YES;
				IPHONEOS_DEPLOYMENT_TARGET = 15.5;
				MARKETING_VERSION = 1.0;
				PRODUCT_BUNDLE_IDENTIFIER = "sandbox-apps.TheQuizTests";
				PRODUCT_NAME = "$(TARGET_NAME)";
				SWIFT_EMIT_LOC_STRINGS = NO;
				SWIFT_VERSION = 5.0;
				TARGETED_DEVICE_FAMILY = "1,2";
				TEST_HOST = "$(BUILT_PRODUCTS_DIR)/TheQuiz.app/TheQuiz";
			};
			name = Debug;
		};
		E086A05728532BAD0040720F /* Release */ = {
			isa = XCBuildConfiguration;
			buildSettings = {
				ALWAYS_EMBED_SWIFT_STANDARD_LIBRARIES = YES;
				BUNDLE_LOADER = "$(TEST_HOST)";
				CODE_SIGN_STYLE = Automatic;
				CURRENT_PROJECT_VERSION = 1;
				GENERATE_INFOPLIST_FILE = YES;
				IPHONEOS_DEPLOYMENT_TARGET = 15.5;
				MARKETING_VERSION = 1.0;
				PRODUCT_BUNDLE_IDENTIFIER = "sandbox-apps.TheQuizTests";
				PRODUCT_NAME = "$(TARGET_NAME)";
				SWIFT_EMIT_LOC_STRINGS = NO;
				SWIFT_VERSION = 5.0;
				TARGETED_DEVICE_FAMILY = "1,2";
				TEST_HOST = "$(BUILT_PRODUCTS_DIR)/TheQuiz.app/TheQuiz";
			};
			name = Release;
		};
		E086A05928532BAD0040720F /* Debug */ = {
			isa = XCBuildConfiguration;
			buildSettings = {
				ALWAYS_EMBED_SWIFT_STANDARD_LIBRARIES = YES;
				CODE_SIGN_STYLE = Automatic;
				CURRENT_PROJECT_VERSION = 1;
				GENERATE_INFOPLIST_FILE = YES;
				MARKETING_VERSION = 1.0;
				PRODUCT_BUNDLE_IDENTIFIER = "sandbox-apps.TheQuizUITests";
				PRODUCT_NAME = "$(TARGET_NAME)";
				SWIFT_EMIT_LOC_STRINGS = NO;
				SWIFT_VERSION = 5.0;
				TARGETED_DEVICE_FAMILY = "1,2";
				TEST_TARGET_NAME = TheQuiz;
			};
			name = Debug;
		};
		E086A05A28532BAD0040720F /* Release */ = {
			isa = XCBuildConfiguration;
			buildSettings = {
				ALWAYS_EMBED_SWIFT_STANDARD_LIBRARIES = YES;
				CODE_SIGN_STYLE = Automatic;
				CURRENT_PROJECT_VERSION = 1;
				GENERATE_INFOPLIST_FILE = YES;
				MARKETING_VERSION = 1.0;
				PRODUCT_BUNDLE_IDENTIFIER = "sandbox-apps.TheQuizUITests";
				PRODUCT_NAME = "$(TARGET_NAME)";
				SWIFT_EMIT_LOC_STRINGS = NO;
				SWIFT_VERSION = 5.0;
				TARGETED_DEVICE_FAMILY = "1,2";
				TEST_TARGET_NAME = TheQuiz;
			};
			name = Release;
		};
/* End XCBuildConfiguration section */

/* Begin XCConfigurationList section */
		E086A02328532BAA0040720F /* Build configuration list for PBXProject "TheQuiz" */ = {
			isa = XCConfigurationList;
			buildConfigurations = (
				E086A05028532BAD0040720F /* Debug */,
				E086A05128532BAD0040720F /* Release */,
			);
			defaultConfigurationIsVisible = 0;
			defaultConfigurationName = Release;
		};
		E086A05228532BAD0040720F /* Build configuration list for PBXNativeTarget "TheQuiz" */ = {
			isa = XCConfigurationList;
			buildConfigurations = (
				E086A05328532BAD0040720F /* Debug */,
				E086A05428532BAD0040720F /* Release */,
			);
			defaultConfigurationIsVisible = 0;
			defaultConfigurationName = Release;
		};
		E086A05528532BAD0040720F /* Build configuration list for PBXNativeTarget "TheQuizTests" */ = {
			isa = XCConfigurationList;
			buildConfigurations = (
				E086A05628532BAD0040720F /* Debug */,
				E086A05728532BAD0040720F /* Release */,
			);
			defaultConfigurationIsVisible = 0;
			defaultConfigurationName = Release;
		};
		E086A05828532BAD0040720F /* Build configuration list for PBXNativeTarget "TheQuizUITests" */ = {
			isa = XCConfigurationList;
			buildConfigurations = (
				E086A05928532BAD0040720F /* Debug */,
				E086A05A28532BAD0040720F /* Release */,
			);
			defaultConfigurationIsVisible = 0;
			defaultConfigurationName = Release;
		};
/* End XCConfigurationList section */
	};
	rootObject = E086A02028532BAA0040720F /* Project object */;
}
